Microsoft Visual Studio Solution File, Format Version 9.00
# Visual C++ Express 2005
Project("{8BC9CEB8-8B4A-11D0-8D11-00A0C91BC942}") = "aacgain", "aacgain.vcproj", "{A0EE08F7-FE03-472E-9A9D-D63C361454CE}"
EndProject
Project("{8BC9CEB8-8B4A-11D0-8D11-00A0C91BC942}") = "libfaad", "..\faad2\libfaad\libfaad.vcproj", "{5EFCFACB-1835-422C-ACDA-E3B3A2F51387}"
EndProject
Project("{8BC9CEB8-8B4A-11D0-8D11-00A0C91BC942}") = "libmp4v2", "..\mpeg4ip\lib\mp4v2\libmp4v2.vcproj", "{56EAC9DA-F67D-433B-AEBB-7C61CF2EF505}"
EndProject
Project("{8BC9CEB8-8B4A-11D0-8D11-00A0C91BC942}") = "libmissing", "..\mpeg4ip\lib\gnu\libmissing.vcproj", "{9EF07C35-1D27-424D-970E-0E89D97DD111}"
EndProject
Project("{8BC9CEB8-8B4A-11D0-8D11-00A0C91BC942}") = "mp3gain", "mp3gain.vcproj", "{E0520611-1986-49CE-BF13-8A9E38255F6B}"
	ProjectSection(ProjectDependencies) = postProject
		{5EFCFACB-1835-422C-ACDA-E3B3A2F51387} = {5EFCFACB-1835-422C-ACDA-E3B3A2F51387}
		{A0EE08F7-FE03-472E-9A9D-D63C361454CE} = {A0EE08F7-FE03-472E-9A9D-D63C361454CE}
		{9EF07C35-1D27-424D-970E-0E89D97DD111} = {9EF07C35-1D27-424D-970E-0E89D97DD111}
		{56EAC9DA-F67D-433B-AEBB-7C61CF2EF505} = {56EAC9DA-F67D-433B-AEBB-7C61CF2EF505}
	EndProjectSection
EndProject
Global
	GlobalSection(SolutionConfigurationPlatforms) = preSolution
		Debug|Win32 = Debug|Win32
		Release|Win32 = Release|Win32
	EndGlobalSection
	GlobalSection(ProjectConfigurationPlatforms) = postSolution
		{A0EE08F7-FE03-472E-9A9D-D63C361454CE}.Debug|Win32.ActiveCfg = Debug|Win32
		{A0EE08F7-FE03-472E-9A9D-D63C361454CE}.Debug|Win32.Build.0 = Debug|Win32
		{A0EE08F7-FE03-472E-9A9D-D63C361454CE}.Release|Win32.ActiveCfg = Release|Win32
		{A0EE08F7-FE03-472E-9A9D-D63C361454CE}.Release|Win32.Build.0 = Release|Win32
		{5EFCFACB-1835-422C-ACDA-E3B3A2F51387}.Debug|Win32.ActiveCfg = Debug|Win32
		{5EFCFACB-1835-422C-ACDA-E3B3A2F51387}.Debug|Win32.Build.0 = Debug|Win32
		{5EFCFACB-1835-422C-ACDA-E3B3A2F51387}.Release|Win32.ActiveCfg = Release|Win32
		{5EFCFACB-1835-422C-ACDA-E3B3A2F51387}.Release|Win32.Build.0 = Release|Win32
		{56EAC9DA-F67D-433B-AEBB-7C61CF2EF505}.Debug|Win32.ActiveCfg = Debug|Win32
		{56EAC9DA-F67D-433B-AEBB-7C61CF2EF505}.Debug|Win32.Build.0 = Debug|Win32
		{56EAC9DA-F67D-433B-AEBB-7C61CF2EF505}.Release|Win32.ActiveCfg = Release|Win32
		{56EAC9DA-F67D-433B-AEBB-7C61CF2EF505}.Release|Win32.Build.0 = Release|Win32
		{9EF07C35-1D27-424D-970E-0E89D97DD111}.Debug|Win32.ActiveCfg = Debug|Win32
		{9EF07C35-1D27-424D-970E-0E89D97DD111}.Debug|Win32.Build.0 = Debug|Win32
		{9EF07C35-1D27-424D-970E-0E89D97DD111}.Release|Win32.ActiveCfg = Release|Win32
		{9EF07C35-1D27-424D-970E-0E89D97DD111}.Release|Win32.Build.0 = Release|Win32
		{E0520611-1986-49CE-BF13-8A9E38255F6B}.Debug|Win32.ActiveCfg = Debug|Win32
		{E0520611-1986-49CE-BF13-8A9E38255F6B}.Debug|Win32.Build.0 = Debug|Win32
		{E0520611-1986-49CE-BF13-8A9E38255F6B}.Release|Win32.ActiveCfg = Release|Win32
		{E0520611-1986-49CE-BF13-8A9E38255F6B}.Release|Win32.Build.0 = Release|Win32
	EndGlobalSection
	GlobalSection(SolutionProperties) = preSolution
		HideSolutionNode = FALSE
	EndGlobalSection
EndGlobal
